// !$*UTF8*$!
{
	archiveVersion = 1;
	classes = {
	};
	objectVersion = 46;
	objects = {

/* Begin PBXBuildFile section */
		5472D4601FCEF04200B71509 /* main.cpp in Sources */ = {isa = PBXBuildFile; fileRef = 5472D45F1FCEF04200B71509 /* main.cpp */; };
		5472D4681FCEF3CE00B71509 /* libSDL2-2.0.0.dylib in Frameworks */ = {isa = PBXBuildFile; fileRef = 5472D4671FCEF3CE00B71509 /* libSDL2-2.0.0.dylib */; };
		5472D46B1FCFF4A700B71509 /* Screen.cpp in Sources */ = {isa = PBXBuildFile; fileRef = 5472D4691FCFF4A700B71509 /* Screen.cpp */; };
		54AA2B9C1FDD9D8D00589736 /* Particle.cpp in Sources */ = {isa = PBXBuildFile; fileRef = 54AA2B9A1FDD9D8D00589736 /* Particle.cpp */; };
		54AA2B9F1FDD9DA300589736 /* Swarm.cpp in Sources */ = {isa = PBXBuildFile; fileRef = 54AA2B9D1FDD9DA300589736 /* Swarm.cpp */; };
/* End PBXBuildFile section */

/* Begin PBXCopyFilesBuildPhase section */
		5472D45A1FCEF04200B71509 /* CopyFiles */ = {
			isa = PBXCopyFilesBuildPhase;
			buildActionMask = 2147483647;
			dstPath = /usr/share/man/man1/;
			dstSubfolderSpec = 0;
			files = (
			);
			runOnlyForDeploymentPostprocessing = 1;
		};
/* End PBXCopyFilesBuildPhase section */

/* Begin PBXFileReference section */
		5472D45C1FCEF04200B71509 /* particle-fire-simulator */ = {isa = PBXFileReference; explicitFileType = "compiled.mach-o.executable"; includeInIndex = 0; path = "particle-fire-simulator"; sourceTree = BUILT_PRODUCTS_DIR; };
		5472D45F1FCEF04200B71509 /* main.cpp */ = {isa = PBXFileReference; lastKnownFileType = sourcecode.cpp.cpp; path = main.cpp; sourceTree = "<group>"; };
		5472D4671FCEF3CE00B71509 /* libSDL2-2.0.0.dylib */ = {isa = PBXFileReference; lastKnownFileType = "compiled.mach-o.dylib"; name = "libSDL2-2.0.0.dylib"; path = "../../../../../opt/local/lib/libSDL2-2.0.0.dylib"; sourceTree = "<group>"; };
		5472D4691FCFF4A700B71509 /* Screen.cpp */ = {isa = PBXFileReference; fileEncoding = 4; lastKnownFileType = sourcecode.cpp.cpp; path = Screen.cpp; sourceTree = "<group>"; };
		5472D46A1FCFF4A700B71509 /* Screen.hpp */ = {isa = PBXFileReference; fileEncoding = 4; lastKnownFileType = sourcecode.cpp.h; path = Screen.hpp; sourceTree = "<group>"; };
		54AA2B9A1FDD9D8D00589736 /* Particle.cpp */ = {isa = PBXFileReference; fileEncoding = 4; lastKnownFileType = sourcecode.cpp.cpp; path = Particle.cpp; sourceTree = "<group>"; };
		54AA2B9B1FDD9D8D00589736 /* Particle.hpp */ = {isa = PBXFileReference; fileEncoding = 4; lastKnownFileType = sourcecode.cpp.h; path = Particle.hpp; sourceTree = "<group>"; };
		54AA2B9D1FDD9DA300589736 /* Swarm.cpp */ = {isa = PBXFileReference; fileEncoding = 4; lastKnownFileType = sourcecode.cpp.cpp; path = Swarm.cpp; sourceTree = "<group>"; };
		54AA2B9E1FDD9DA300589736 /* Swarm.hpp */ = {isa = PBXFileReference; fileEncoding = 4; lastKnownFileType = sourcecode.cpp.h; path = Swarm.hpp; sourceTree = "<group>"; };
/* End PBXFileReference section */

/* Begin PBXFrameworksBuildPhase section */
		5472D4591FCEF04200B71509 /* Frameworks */ = {
			isa = PBXFrameworksBuildPhase;
			buildActionMask = 2147483647;
			files = (
				5472D4681FCEF3CE00B71509 /* libSDL2-2.0.0.dylib in Frameworks */,
			);
			runOnlyForDeploymentPostprocessing = 0;
		};
/* End PBXFrameworksBuildPhase section */

/* Begin PBXGroup section */
		5472D4531FCEF04200B71509 = {
			isa = PBXGroup;
			children = (
				5472D45E1FCEF04200B71509 /* particle-fire-simulator */,
				5472D45D1FCEF04200B71509 /* Products */,
				5472D4661FCEF3CD00B71509 /* Frameworks */,
			);
			sourceTree = "<group>";
		};
		5472D45D1FCEF04200B71509 /* Products */ = {
			isa = PBXGroup;
			children = (
				5472D45C1FCEF04200B71509 /* particle-fire-simulator */,
			);
			name = Products;
			sourceTree = "<group>";
		};
		5472D45E1FCEF04200B71509 /* particle-fire-simulator */ = {
			isa = PBXGroup;
			children = (
				5472D45F1FCEF04200B71509 /* main.cpp */,
				5472D4691FCFF4A700B71509 /* Screen.cpp */,
				5472D46A1FCFF4A700B71509 /* Screen.hpp */,
				54AA2B9A1FDD9D8D00589736 /* Particle.cpp */,
				54AA2B9B1FDD9D8D00589736 /* Particle.hpp */,
				54AA2B9D1FDD9DA300589736 /* Swarm.cpp */,
				54AA2B9E1FDD9DA300589736 /* Swarm.hpp */,
			);
			path = "particle-fire-simulator";
			sourceTree = "<group>";
		};
		5472D4661FCEF3CD00B71509 /* Frameworks */ = {
			isa = PBXGroup;
			children = (
				5472D4671FCEF3CE00B71509 /* libSDL2-2.0.0.dylib */,
			);
			name = Frameworks;
			sourceTree = "<group>";
		};
/* End PBXGroup section */

/* Begin PBXNativeTarget section */
		5472D45B1FCEF04200B71509 /* particle-fire-simulator */ = {
			isa = PBXNativeTarget;
			buildConfigurationList = 5472D4631FCEF04200B71509 /* Build configuration list for PBXNativeTarget "particle-fire-simulator" */;
			buildPhases = (
				5472D4581FCEF04200B71509 /* Sources */,
				5472D4591FCEF04200B71509 /* Frameworks */,
				5472D45A1FCEF04200B71509 /* CopyFiles */,
			);
			buildRules = (
			);
			dependencies = (
			);
			name = "particle-fire-simulator";
			productName = "particle-fire-simulator";
			productReference = 5472D45C1FCEF04200B71509 /* particle-fire-simulator */;
			productType = "com.apple.product-type.tool";
		};
/* End PBXNativeTarget section */

/* Begin PBXProject section */
		5472D4541FCEF04200B71509 /* Project object */ = {
			isa = PBXProject;
			attributes = {
				LastUpgradeCheck = 0810;
				ORGANIZATIONNAME = "Akbar Hashmi";
				TargetAttributes = {
					5472D45B1FCEF04200B71509 = {
						CreatedOnToolsVersion = 8.1;
						ProvisioningStyle = Automatic;
					};
				};
			};
			buildConfigurationList = 5472D4571FCEF04200B71509 /* Build configuration list for PBXProject "particle-fire-simulator" */;
			compatibilityVersion = "Xcode 3.2";
			developmentRegion = English;
			hasScannedForEncodings = 0;
			knownRegions = (
				en,
			);
			mainGroup = 5472D4531FCEF04200B71509;
			productRefGroup = 5472D45D1FCEF04200B71509 /* Products */;
			projectDirPath = "";
			projectRoot = "";
			targets = (
				5472D45B1FCEF04200B71509 /* particle-fire-simulator */,
			);
		};
/* End PBXProject section */

/* Begin PBXSourcesBuildPhase section */
		5472D4581FCEF04200B71509 /* Sources */ = {
			isa = PBXSourcesBuildPhase;
			buildActionMask = 2147483647;
			files = (
				54AA2B9F1FDD9DA300589736 /* Swarm.cpp in Sources */,
				5472D4601FCEF04200B71509 /* main.cpp in Sources */,
				54AA2B9C1FDD9D8D00589736 /* Particle.cpp in Sources */,
				5472D46B1FCFF4A700B71509 /* Screen.cpp in Sources */,
			);
			runOnlyForDeploymentPostprocessing = 0;
		};
/* End PBXSourcesBuildPhase section */

/* Begin XCBuildConfiguration section */
		5472D4611FCEF04200B71509 /* Debug */ = {
			isa = XCBuildConfiguration;
			buildSettings = {
				ALWAYS_SEARCH_USER_PATHS = NO;
				CLANG_ANALYZER_NONNULL = YES;
				CLANG_CXX_LANGUAGE_STANDARD = "gnu++0x";
				CLANG_CXX_LIBRARY = "libc++";
				CLANG_ENABLE_MODULES = YES;
				CLANG_ENABLE_OBJC_ARC = YES;
				CLANG_WARN_BOOL_CONVERSION = YES;
				CLANG_WARN_CONSTANT_CONVERSION = YES;
				CLANG_WARN_DIRECT_OBJC_ISA_USAGE = YES_ERROR;
				CLANG_WARN_DOCUMENTATION_COMMENTS = YES;
				CLANG_WARN_EMPTY_BODY = YES;
				CLANG_WARN_ENUM_CONVERSION = YES;
				CLANG_WARN_INFINITE_RECURSION = YES;
				CLANG_WARN_INT_CONVERSION = YES;
				CLANG_WARN_OBJC_ROOT_CLASS = YES_ERROR;
				CLANG_WARN_SUSPICIOUS_MOVES = YES;
				CLANG_WARN_UNREACHABLE_CODE = YES;
				CLANG_WARN__DUPLICATE_METHOD_MATCH = YES;
				CODE_SIGN_IDENTITY = "-";
				COPY_PHASE_STRIP = NO;
				DEBUG_INFORMATION_FORMAT = dwarf;
				ENABLE_STRICT_OBJC_MSGSEND = YES;
				ENABLE_TESTABILITY = YES;
				GCC_C_LANGUAGE_STANDARD = gnu99;
				GCC_DYNAMIC_NO_PIC = NO;
				GCC_NO_COMMON_BLOCKS = YES;
				GCC_OPTIMIZATION_LEVEL = 0;
				GCC_PREPROCESSOR_DEFINITIONS = (
					"DEBUG=1",
					"$(inherited)",
				);
				GCC_WARN_64_TO_32_BIT_CONVERSION = YES;
				GCC_WARN_ABOUT_RETURN_TYPE = YES_ERROR;
				GCC_WARN_UNDECLARED_SELECTOR = YES;
				GCC_WARN_UNINITIALIZED_AUTOS = YES_AGGRESSIVE;
				GCC_WARN_UNUSED_FUNCTION = YES;
				GCC_WARN_UNUSED_VARIABLE = YES;
				MACOSX_DEPLOYMENT_TARGET = 10.12;
				MTL_ENABLE_DEBUG_INFO = YES;
				ONLY_ACTIVE_ARCH = YES;
				SDKROOT = macosx;
			};
			name = Debug;
		};
		5472D4621FCEF04200B71509 /* Release */ = {
			isa = XCBuildConfiguration;
			buildSettings = {
				ALWAYS_SEARCH_USER_PATHS = NO;
				CLANG_ANALYZER_NONNULL = YES;
				CLANG_CXX_LANGUAGE_STANDARD = "gnu++0x";
				CLANG_CXX_LIBRARY = "libc++";
				CLANG_ENABLE_MODULES = YES;
				CLANG_ENABLE_OBJC_ARC = YES;
				CLANG_WARN_BOOL_CONVERSION = YES;
				CLANG_WARN_CONSTANT_CONVERSION = YES;
				CLANG_WARN_DIRECT_OBJC_ISA_USAGE = YES_ERROR;
				CLANG_WARN_DOCUMENTATION_COMMENTS = YES;
				CLANG_WARN_EMPTY_BODY = YES;
				CLANG_WARN_ENUM_CONVERSION = YES;
				CLANG_WARN_INFINITE_RECURSION = YES;
				CLANG_WARN_INT_CONVERSION = YES;
				CLANG_WARN_OBJC_ROOT_CLASS = YES_ERROR;
				CLANG_WARN_SUSPICIOUS_MOVES = YES;
				CLANG_WARN_UNREACHABLE_CODE = YES;
				CLANG_WARN__DUPLICATE_METHOD_MATCH = YES;
				CODE_SIGN_IDENTITY = "-";
				COPY_PHASE_STRIP = NO;
				DEBUG_INFORMATION_FORMAT = "dwarf-with-dsym";
				ENABLE_NS_ASSERTIONS = NO;
				ENABLE_STRICT_OBJC_MSGSEND = YES;
				GCC_C_LANGUAGE_STANDARD = gnu99;
				GCC_NO_COMMON_BLOCKS = YES;
				GCC_WARN_64_TO_32_BIT_CONVERSION = YES;
				GCC_WARN_ABOUT_RETURN_TYPE = YES_ERROR;
				GCC_WARN_UNDECLARED_SELECTOR = YES;
				GCC_WARN_UNINITIALIZED_AUTOS = YES_AGGRESSIVE;
				GCC_WARN_UNUSED_FUNCTION = YES;
				GCC_WARN_UNUSED_VARIABLE = YES;
				MACOSX_DEPLOYMENT_TARGET = 10.12;
				MTL_ENABLE_DEBUG_INFO = NO;
				SDKROOT = macosx;
			};
			name = Release;
		};
		5472D4641FCEF04200B71509 /* Debug */ = {
			isa = XCBuildConfiguration;
			buildSettings = {
				HEADER_SEARCH_PATHS = /usr/local/include;
				LIBRARY_SEARCH_PATHS = (
					"$(inherited)",
					/opt/local/lib,
				);
				PRODUCT_NAME = "$(TARGET_NAME)";
			};
			name = Debug;
		};
		5472D4651FCEF04200B71509 /* Release */ = {
			isa = XCBuildConfiguration;
			buildSettings = {
				HEADER_SEARCH_PATHS = /usr/local/include;
				LIBRARY_SEARCH_PATHS = (
					"$(inherited)",
					/opt/local/lib,
				);
				PRODUCT_NAME = "$(TARGET_NAME)";
			};
			name = Release;
		};
/* End XCBuildConfiguration section */

/* Begin XCConfigurationList section */
		5472D4571FCEF04200B71509 /* Build configuration list for PBXProject "particle-fire-simulator" */ = {
			isa = XCConfigurationList;
			buildConfigurations = (
				5472D4611FCEF04200B71509 /* Debug */,
				5472D4621FCEF04200B71509 /* Release */,
			);
			defaultConfigurationIsVisible = 0;
			defaultConfigurationName = Release;
		};
		5472D4631FCEF04200B71509 /* Build configuration list for PBXNativeTarget "particle-fire-simulator" */ = {
			isa = XCConfigurationList;
			buildConfigurations = (
				5472D4641FCEF04200B71509 /* Debug */,
				5472D4651FCEF04200B71509 /* Release */,
			);
			defaultConfigurationIsVisible = 0;
			defaultConfigurationName = Release;
		};
/* End XCConfigurationList section */
	};
	rootObject = 5472D4541FCEF04200B71509 /* Project object */;
}
